
Microsoft Visual Studio Solution File, Format Version 12.00
# Visual Studio Version 17
VisualStudioVersion = 17.5.33502.453
MinimumVisualStudioVersion = 10.0.40219.1
Project("{FAE04EC0-301F-11D3-BF4B-00C04F79EFBC}") = "Projekt_serwer", "Projekt_serwer.csproj", "{89C8A8C9-ACCB-4DDC-855B-95B40E3062E2}"
EndProject
Project("{FAE04EC0-301F-11D3-BF4B-00C04F79EFBC}") = "Projekt_klient", "..\Projekt_klient\Projekt_klient.csproj", "{CDCBB040-0F34-478C-BAFE-70A5291F606F}"
EndProject
Global
	GlobalSection(SolutionConfigurationPlatforms) = preSolution
		Debug|Any CPU = Debug|Any CPU
		Release|Any CPU = Release|Any CPU
	EndGlobalSection
	GlobalSection(ProjectConfigurationPlatforms) = postSolution
		{89C8A8C9-ACCB-4DDC-855B-95B40E3062E2}.Debug|Any CPU.ActiveCfg = Debug|Any CPU
		{89C8A8C9-ACCB-4DDC-855B-95B40E3062E2}.Debug|Any CPU.Build.0 = Debug|Any CPU
		{89C8A8C9-ACCB-4DDC-855B-95B40E3062E2}.Release|Any CPU.ActiveCfg = Release|Any CPU
		{89C8A8C9-ACCB-4DDC-855B-95B40E3062E2}.Release|Any CPU.Build.0 = Release|Any CPU
		{CDCBB040-0F34-478C-BAFE-70A5291F606F}.Debug|Any CPU.ActiveCfg = Debug|Any CPU
		{CDCBB040-0F34-478C-BAFE-70A5291F606F}.Debug|Any CPU.Build.0 = Debug|Any CPU
		{CDCBB040-0F34-478C-BAFE-70A5291F606F}.Release|Any CPU.ActiveCfg = Release|Any CPU
		{CDCBB040-0F34-478C-BAFE-70A5291F606F}.Release|Any CPU.Build.0 = Release|Any CPU
	EndGlobalSection
	GlobalSection(SolutionProperties) = preSolution
		HideSolutionNode = FALSE
	EndGlobalSection
	GlobalSection(ExtensibilityGlobals) = postSolution
		SolutionGuid = {5A6D10DF-9EBA-4606-93CF-BD7D80D408DA}
	EndGlobalSection
EndGlobal
